
Microsoft Visual Studio Solution File, Format Version 12.00
# Visual Studio Version 17
VisualStudioVersion = 17.6.33815.320
MinimumVisualStudioVersion = 10.0.40219.1
Project("{FAE04EC0-301F-11D3-BF4B-00C04F79EFBC}") = "Nickname", "Nickname\Nickname.csproj", "{D003880B-CCEE-4F30-95AA-175659BE6166}"
EndProject
Global
	GlobalSection(SolutionConfigurationPlatforms) = preSolution
		Debug|Any CPU = Debug|Any CPU
		Release|Any CPU = Release|Any CPU
	EndGlobalSection
	GlobalSection(ProjectConfigurationPlatforms) = postSolution
		{D003880B-CCEE-4F30-95AA-175659BE6166}.Debug|Any CPU.ActiveCfg = Debug|Any CPU
		{D003880B-CCEE-4F30-95AA-175659BE6166}.Debug|Any CPU.Build.0 = Debug|Any CPU
		{D003880B-CCEE-4F30-95AA-175659BE6166}.Release|Any CPU.ActiveCfg = Release|Any CPU
		{D003880B-CCEE-4F30-95AA-175659BE6166}.Release|Any CPU.Build.0 = Release|Any CPU
	EndGlobalSection
	GlobalSection(SolutionProperties) = preSolution
		HideSolutionNode = FALSE
	EndGlobalSection
	GlobalSection(ExtensibilityGlobals) = postSolution
		SolutionGuid = {96F17775-9109-4618-8705-B8DE92DB09FE}
	EndGlobalSection
EndGlobal
